
Microsoft Visual Studio Solution File, Format Version 12.00
# Visual Studio 15
VisualStudioVersion = 15.0.26124.0
MinimumVisualStudioVersion = 15.0.26124.0
Project("{FAE04EC0-301F-11D3-BF4B-00C04F79EFBC}") = "Font", "Font\Font.csproj", "{53D4D0BB-74B0-4D2B-BFF4-825C58597E23}"
EndProject
Project("{FAE04EC0-301F-11D3-BF4B-00C04F79EFBC}") = "Primitives", "Primitives\Primitives.csproj", "{C77A01A7-239B-4847-AA35-A5DE6326A459}"
EndProject
Project("{FAE04EC0-301F-11D3-BF4B-00C04F79EFBC}") = "Texture", "Texture\Texture.csproj", "{2E96CFE8-C0C2-4F9D-8EF6-3F4D98578DD6}"
EndProject
Global
	GlobalSection(SolutionConfigurationPlatforms) = preSolution
		Debug|Any CPU = Debug|Any CPU
		Release|Any CPU = Release|Any CPU
	EndGlobalSection
	GlobalSection(ProjectConfigurationPlatforms) = postSolution
		{53D4D0BB-74B0-4D2B-BFF4-825C58597E23}.Debug|Any CPU.ActiveCfg = Debug|Any CPU
		{53D4D0BB-74B0-4D2B-BFF4-825C58597E23}.Debug|Any CPU.Build.0 = Debug|Any CPU
		{53D4D0BB-74B0-4D2B-BFF4-825C58597E23}.Release|Any CPU.ActiveCfg = Release|Any CPU
		{53D4D0BB-74B0-4D2B-BFF4-825C58597E23}.Release|Any CPU.Build.0 = Release|Any CPU
		{C77A01A7-239B-4847-AA35-A5DE6326A459}.Debug|Any CPU.ActiveCfg = Debug|Any CPU
		{C77A01A7-239B-4847-AA35-A5DE6326A459}.Debug|Any CPU.Build.0 = Debug|Any CPU
		{C77A01A7-239B-4847-AA35-A5DE6326A459}.Release|Any CPU.ActiveCfg = Release|Any CPU
		{C77A01A7-239B-4847-AA35-A5DE6326A459}.Release|Any CPU.Build.0 = Release|Any CPU
		{2E96CFE8-C0C2-4F9D-8EF6-3F4D98578DD6}.Debug|Any CPU.ActiveCfg = Debug|Any CPU
		{2E96CFE8-C0C2-4F9D-8EF6-3F4D98578DD6}.Debug|Any CPU.Build.0 = Debug|Any CPU
		{2E96CFE8-C0C2-4F9D-8EF6-3F4D98578DD6}.Release|Any CPU.ActiveCfg = Release|Any CPU
		{2E96CFE8-C0C2-4F9D-8EF6-3F4D98578DD6}.Release|Any CPU.Build.0 = Release|Any CPU
	EndGlobalSection
	GlobalSection(SolutionProperties) = preSolution
		HideSolutionNode = FALSE
	EndGlobalSection
	GlobalSection(ExtensibilityGlobals) = postSolution
		SolutionGuid = {E205124B-AD23-412A-855B-C616F22A8029}
	EndGlobalSection
EndGlobal
